
Microsoft Visual Studio Solution File, Format Version 12.00
# Visual Studio Version 17
VisualStudioVersion = 17.14.37216.2 d17.14
MinimumVisualStudioVersion = 10.0.40219.1
Project("{FAE04EC0-301F-11D3-BF4B-00C04F79EFBC}") = "DemoProject", "DemoProject\DemoProject.csproj", "{B706060F-7BEA-4852-8A78-FB0D5B783808}"
EndProject
Global
	GlobalSection(SolutionConfigurationPlatforms) = preSolution
		Debug|Any CPU = Debug|Any CPU
		Release|Any CPU = Release|Any CPU
	EndGlobalSection
	GlobalSection(ProjectConfigurationPlatforms) = postSolution
		{B706060F-7BEA-4852-8A78-FB0D5B783808}.Debug|Any CPU.ActiveCfg = Debug|Any CPU
		{B706060F-7BEA-4852-8A78-FB0D5B783808}.Debug|Any CPU.Build.0 = Debug|Any CPU
		{B706060F-7BEA-4852-8A78-FB0D5B783808}.Release|Any CPU.ActiveCfg = Release|Any CPU
		{B706060F-7BEA-4852-8A78-FB0D5B783808}.Release|Any CPU.Build.0 = Release|Any CPU
	EndGlobalSection
	GlobalSection(SolutionProperties) = preSolution
		HideSolutionNode = FALSE
	EndGlobalSection
	GlobalSection(ExtensibilityGlobals) = postSolution
		SolutionGuid = {5FB56523-3B96-4C16-9DA2-6F09932A629E}
	EndGlobalSection
EndGlobal
